// !$*UTF8*$!
{
	archiveVersion = 1;
	classes = {
	};
	objectVersion = 50;
	objects = {

/* Begin PBXBuildFile section */
		CDD83B27275519120000EC12 /* DetailViewController.swift in Sources */ = {isa = PBXBuildFile; fileRef = CDD83B26275519120000EC12 /* DetailViewController.swift */; };
		CDEA708B2478062E0056BF9C /* AppDelegate.swift in Sources */ = {isa = PBXBuildFile; fileRef = CDEA708A2478062E0056BF9C /* AppDelegate.swift */; };
		CDEA708D2478062E0056BF9C /* SceneDelegate.swift in Sources */ = {isa = PBXBuildFile; fileRef = CDEA708C2478062E0056BF9C /* SceneDelegate.swift */; };
		CDEA708F2478062E0056BF9C /* ViewController.swift in Sources */ = {isa = PBXBuildFile; fileRef = CDEA708E2478062E0056BF9C /* ViewController.swift */; };
		CDEA70922478062E0056BF9C /* Main.storyboard in Resources */ = {isa = PBXBuildFile; fileRef = CDEA70902478062E0056BF9C /* Main.storyboard */; };
		CDEA70952478062E0056BF9C /* Cap6_CoreData.xcdatamodeld in Sources */ = {isa = PBXBuildFile; fileRef = CDEA70932478062E0056BF9C /* Cap6_CoreData.xcdatamodeld */; };
		CDEA7097247806360056BF9C /* Assets.xcassets in Resources */ = {isa = PBXBuildFile; fileRef = CDEA7096247806360056BF9C /* Assets.xcassets */; };
		CDEA709A247806360056BF9C /* LaunchScreen.storyboard in Resources */ = {isa = PBXBuildFile; fileRef = CDEA7098247806360056BF9C /* LaunchScreen.storyboard */; };
		CDEA70A624780D960056BF9C /* Empleados.swift in Sources */ = {isa = PBXBuildFile; fileRef = CDEA70A524780D960056BF9C /* Empleados.swift */; };
		CDEA70A824780F590056BF9C /* Routes.swift in Sources */ = {isa = PBXBuildFile; fileRef = CDEA70A724780F590056BF9C /* Routes.swift */; };
		CDEA70AA247848A40056BF9C /* ViewController2.swift in Sources */ = {isa = PBXBuildFile; fileRef = CDEA70A9247848A40056BF9C /* ViewController2.swift */; };
		CDEA70AC24785A010056BF9C /* logo-1933884_1280.png in Resources */ = {isa = PBXBuildFile; fileRef = CDEA70AB24785A000056BF9C /* logo-1933884_1280.png */; };
/* End PBXBuildFile section */

/* Begin PBXFileReference section */
		CDD83B26275519120000EC12 /* DetailViewController.swift */ = {isa = PBXFileReference; lastKnownFileType = sourcecode.swift; path = DetailViewController.swift; sourceTree = "<group>"; };
		CDEA70872478062E0056BF9C /* Cap6-CoreData.app */ = {isa = PBXFileReference; explicitFileType = wrapper.application; includeInIndex = 0; path = "Cap6-CoreData.app"; sourceTree = BUILT_PRODUCTS_DIR; };
		CDEA708A2478062E0056BF9C /* AppDelegate.swift */ = {isa = PBXFileReference; lastKnownFileType = sourcecode.swift; path = AppDelegate.swift; sourceTree = "<group>"; };
		CDEA708C2478062E0056BF9C /* SceneDelegate.swift */ = {isa = PBXFileReference; lastKnownFileType = sourcecode.swift; path = SceneDelegate.swift; sourceTree = "<group>"; };
		CDEA708E2478062E0056BF9C /* ViewController.swift */ = {isa = PBXFileReference; lastKnownFileType = sourcecode.swift; path = ViewController.swift; sourceTree = "<group>"; };
		CDEA70912478062E0056BF9C /* Base */ = {isa = PBXFileReference; lastKnownFileType = file.storyboard; name = Base; path = Base.lproj/Main.storyboard; sourceTree = "<group>"; };
		CDEA70942478062E0056BF9C /* Cap6_CoreData.xcdatamodel */ = {isa = PBXFileReference; lastKnownFileType = wrapper.xcdatamodel; path = Cap6_CoreData.xcdatamodel; sourceTree = "<group>"; };
		CDEA7096247806360056BF9C /* Assets.xcassets */ = {isa = PBXFileReference; lastKnownFileType = folder.assetcatalog; path = Assets.xcassets; sourceTree = "<group>"; };
		CDEA7099247806360056BF9C /* Base */ = {isa = PBXFileReference; lastKnownFileType = file.storyboard; name = Base; path = Base.lproj/LaunchScreen.storyboard; sourceTree = "<group>"; };
		CDEA709B247806360056BF9C /* Info.plist */ = {isa = PBXFileReference; lastKnownFileType = text.plist.xml; path = Info.plist; sourceTree = "<group>"; };
		CDEA70A524780D960056BF9C /* Empleados.swift */ = {isa = PBXFileReference; lastKnownFileType = sourcecode.swift; path = Empleados.swift; sourceTree = "<group>"; };
		CDEA70A724780F590056BF9C /* Routes.swift */ = {isa = PBXFileReference; lastKnownFileType = sourcecode.swift; path = Routes.swift; sourceTree = "<group>"; };
		CDEA70A9247848A40056BF9C /* ViewController2.swift */ = {isa = PBXFileReference; lastKnownFileType = sourcecode.swift; path = ViewController2.swift; sourceTree = "<group>"; };
		CDEA70AB24785A000056BF9C /* logo-1933884_1280.png */ = {isa = PBXFileReference; lastKnownFileType = image.png; path = "logo-1933884_1280.png"; sourceTree = "<group>"; };
/* End PBXFileReference section */

/* Begin PBXFrameworksBuildPhase section */
		CDEA70842478062E0056BF9C /* Frameworks */ = {
			isa = PBXFrameworksBuildPhase;
			buildActionMask = 2147483647;
			files = (
			);
			runOnlyForDeploymentPostprocessing = 0;
		};
/* End PBXFrameworksBuildPhase section */

/* Begin PBXGroup section */
		CDEA707E2478062E0056BF9C = {
			isa = PBXGroup;
			children = (
				CDEA70892478062E0056BF9C /* Cap6-CoreData */,
				CDEA70882478062E0056BF9C /* Products */,
			);
			sourceTree = "<group>";
		};
		CDEA70882478062E0056BF9C /* Products */ = {
			isa = PBXGroup;
			children = (
				CDEA70872478062E0056BF9C /* Cap6-CoreData.app */,
			);
			name = Products;
			sourceTree = "<group>";
		};
		CDEA70892478062E0056BF9C /* Cap6-CoreData */ = {
			isa = PBXGroup;
			children = (
				CDEA708A2478062E0056BF9C /* AppDelegate.swift */,
				CDEA708C2478062E0056BF9C /* SceneDelegate.swift */,
				CDEA708E2478062E0056BF9C /* ViewController.swift */,
				CDEA70A524780D960056BF9C /* Empleados.swift */,
				CDEA70A724780F590056BF9C /* Routes.swift */,
				CDEA70902478062E0056BF9C /* Main.storyboard */,
				CDD83B26275519120000EC12 /* DetailViewController.swift */,
				CDEA70A9247848A40056BF9C /* ViewController2.swift */,
				CDEA7096247806360056BF9C /* Assets.xcassets */,
				CDEA7098247806360056BF9C /* LaunchScreen.storyboard */,
				CDEA709B247806360056BF9C /* Info.plist */,
				CDEA70932478062E0056BF9C /* Cap6_CoreData.xcdatamodeld */,
				CDEA70AB24785A000056BF9C /* logo-1933884_1280.png */,
			);
			path = "Cap6-CoreData";
			sourceTree = "<group>";
		};
/* End PBXGroup section */

/* Begin PBXNativeTarget section */
		CDEA70862478062E0056BF9C /* Cap6-CoreData */ = {
			isa = PBXNativeTarget;
			buildConfigurationList = CDEA709E247806360056BF9C /* Build configuration list for PBXNativeTarget "Cap6-CoreData" */;
			buildPhases = (
				CDEA70832478062E0056BF9C /* Sources */,
				CDEA70842478062E0056BF9C /* Frameworks */,
				CDEA70852478062E0056BF9C /* Resources */,
			);
			buildRules = (
			);
			dependencies = (
			);
			name = "Cap6-CoreData";
			productName = "Cap6-CoreData";
			productReference = CDEA70872478062E0056BF9C /* Cap6-CoreData.app */;
			productType = "com.apple.product-type.application";
		};
/* End PBXNativeTarget section */

/* Begin PBXProject section */
		CDEA707F2478062E0056BF9C /* Project object */ = {
			isa = PBXProject;
			attributes = {
				LastSwiftUpdateCheck = 1140;
				LastUpgradeCheck = 1140;
				ORGANIZATIONNAME = "Salvador Lopez";
				TargetAttributes = {
					CDEA70862478062E0056BF9C = {
						CreatedOnToolsVersion = 11.4.1;
					};
				};
			};
			buildConfigurationList = CDEA70822478062E0056BF9C /* Build configuration list for PBXProject "Cap6-CoreData" */;
			compatibilityVersion = "Xcode 9.3";
			developmentRegion = en;
			hasScannedForEncodings = 0;
			knownRegions = (
				en,
				Base,
			);
			mainGroup = CDEA707E2478062E0056BF9C;
			productRefGroup = CDEA70882478062E0056BF9C /* Products */;
			projectDirPath = "";
			projectRoot = "";
			targets = (
				CDEA70862478062E0056BF9C /* Cap6-CoreData */,
			);
		};
/* End PBXProject section */

/* Begin PBXResourcesBuildPhase section */
		CDEA70852478062E0056BF9C /* Resources */ = {
			isa = PBXResourcesBuildPhase;
			buildActionMask = 2147483647;
			files = (
				CDEA70AC24785A010056BF9C /* logo-1933884_1280.png in Resources */,
				CDEA709A247806360056BF9C /* LaunchScreen.storyboard in Resources */,
				CDEA7097247806360056BF9C /* Assets.xcassets in Resources */,
				CDEA70922478062E0056BF9C /* Main.storyboard in Resources */,
			);
			runOnlyForDeploymentPostprocessing = 0;
		};
/* End PBXResourcesBuildPhase section */

/* Begin PBXSourcesBuildPhase section */
		CDEA70832478062E0056BF9C /* Sources */ = {
			isa = PBXSourcesBuildPhase;
			buildActionMask = 2147483647;
			files = (
				CDEA70AA247848A40056BF9C /* ViewController2.swift in Sources */,
				CDEA708F2478062E0056BF9C /* ViewController.swift in Sources */,
				CDEA70A824780F590056BF9C /* Routes.swift in Sources */,
				CDEA70A624780D960056BF9C /* Empleados.swift in Sources */,
				CDEA708B2478062E0056BF9C /* AppDelegate.swift in Sources */,
				CDEA70952478062E0056BF9C /* Cap6_CoreData.xcdatamodeld in Sources */,
				CDEA708D2478062E0056BF9C /* SceneDelegate.swift in Sources */,
				CDD83B27275519120000EC12 /* DetailViewController.swift in Sources */,
			);
			runOnlyForDeploymentPostprocessing = 0;
		};
/* End PBXSourcesBuildPhase section */

/* Begin PBXVariantGroup section */
		CDEA70902478062E0056BF9C /* Main.storyboard */ = {
			isa = PBXVariantGroup;
			children = (
				CDEA70912478062E0056BF9C /* Base */,
			);
			name = Main.storyboard;
			sourceTree = "<group>";
		};
		CDEA7098247806360056BF9C /* LaunchScreen.storyboard */ = {
			isa = PBXVariantGroup;
			children = (
				CDEA7099247806360056BF9C /* Base */,
			);
			name = LaunchScreen.storyboard;
			sourceTree = "<group>";
		};
/* End PBXVariantGroup section */

/* Begin XCBuildConfiguration section */
		CDEA709C247806360056BF9C /* Debug */ = {
			isa = XCBuildConfiguration;
			buildSettings = {
				ALWAYS_SEARCH_USER_PATHS = NO;
				CLANG_ANALYZER_NONNULL = YES;
				CLANG_ANALYZER_NUMBER_OBJECT_CONVERSION = YES_AGGRESSIVE;
				CLANG_CXX_LANGUAGE_STANDARD = "gnu++14";
				CLANG_CXX_LIBRARY = "libc++";
				CLANG_ENABLE_MODULES = YES;
				CLANG_ENABLE_OBJC_ARC = YES;
				CLANG_ENABLE_OBJC_WEAK = YES;
				CLANG_WARN_BLOCK_CAPTURE_AUTORELEASING = YES;
				CLANG_WARN_BOOL_CONVERSION = YES;
				CLANG_WARN_COMMA = YES;
				CLANG_WARN_CONSTANT_CONVERSION = YES;
				CLANG_WARN_DEPRECATED_OBJC_IMPLEMENTATIONS = YES;
				CLANG_WARN_DIRECT_OBJC_ISA_USAGE = YES_ERROR;
				CLANG_WARN_DOCUMENTATION_COMMENTS = YES;
				CLANG_WARN_EMPTY_BODY = YES;
				CLANG_WARN_ENUM_CONVERSION = YES;
				CLANG_WARN_INFINITE_RECURSION = YES;
				CLANG_WARN_INT_CONVERSION = YES;
				CLANG_WARN_NON_LITERAL_NULL_CONVERSION = YES;
				CLANG_WARN_OBJC_IMPLICIT_RETAIN_SELF = YES;
				CLANG_WARN_OBJC_LITERAL_CONVERSION = YES;
				CLANG_WARN_OBJC_ROOT_CLASS = YES_ERROR;
				CLANG_WARN_RANGE_LOOP_ANALYSIS = YES;
				CLANG_WARN_STRICT_PROTOTYPES = YES;
				CLANG_WARN_SUSPICIOUS_MOVE = YES;
				CLANG_WARN_UNGUARDED_AVAILABILITY = YES_AGGRESSIVE;
				CLANG_WARN_UNREACHABLE_CODE = YES;
				CLANG_WARN__DUPLICATE_METHOD_MATCH = YES;
				COPY_PHASE_STRIP = NO;
				DEBUG_INFORMATION_FORMAT = dwarf;
				ENABLE_STRICT_OBJC_MSGSEND = YES;
				ENABLE_TESTABILITY = YES;
				GCC_C_LANGUAGE_STANDARD = gnu11;
				GCC_DYNAMIC_NO_PIC = NO;
				GCC_NO_COMMON_BLOCKS = YES;
				GCC_OPTIMIZATION_LEVEL = 0;
				GCC_PREPROCESSOR_DEFINITIONS = (
					"DEBUG=1",
					"$(inherited)",
				);
				GCC_WARN_64_TO_32_BIT_CONVERSION = YES;
				GCC_WARN_ABOUT_RETURN_TYPE = YES_ERROR;
				GCC_WARN_UNDECLARED_SELECTOR = YES;
				GCC_WARN_UNINITIALIZED_AUTOS = YES_AGGRESSIVE;
				GCC_WARN_UNUSED_FUNCTION = YES;
				GCC_WARN_UNUSED_VARIABLE = YES;
				IPHONEOS_DEPLOYMENT_TARGET = 13.3;
				MTL_ENABLE_DEBUG_INFO = INCLUDE_SOURCE;
				MTL_FAST_MATH = YES;
				ONLY_ACTIVE_ARCH = YES;
				SDKROOT = iphoneos;
				SWIFT_ACTIVE_COMPILATION_CONDITIONS = DEBUG;
				SWIFT_OPTIMIZATION_LEVEL = "-Onone";
			};
			name = Debug;
		};
		CDEA709D247806360056BF9C /* Release */ = {
			isa = XCBuildConfiguration;
			buildSettings = {
				ALWAYS_SEARCH_USER_PATHS = NO;
				CLANG_ANALYZER_NONNULL = YES;
				CLANG_ANALYZER_NUMBER_OBJECT_CONVERSION = YES_AGGRESSIVE;
				CLANG_CXX_LANGUAGE_STANDARD = "gnu++14";
				CLANG_CXX_LIBRARY = "libc++";
				CLANG_ENABLE_MODULES = YES;
				CLANG_ENABLE_OBJC_ARC = YES;
				CLANG_ENABLE_OBJC_WEAK = YES;
				CLANG_WARN_BLOCK_CAPTURE_AUTORELEASING = YES;
				CLANG_WARN_BOOL_CONVERSION = YES;
				CLANG_WARN_COMMA = YES;
				CLANG_WARN_CONSTANT_CONVERSION = YES;
				CLANG_WARN_DEPRECATED_OBJC_IMPLEMENTATIONS = YES;
				CLANG_WARN_DIRECT_OBJC_ISA_USAGE = YES_ERROR;
				CLANG_WARN_DOCUMENTATION_COMMENTS = YES;
				CLANG_WARN_EMPTY_BODY = YES;
				CLANG_WARN_ENUM_CONVERSION = YES;
				CLANG_WARN_INFINITE_RECURSION = YES;
				CLANG_WARN_INT_CONVERSION = YES;
				CLANG_WARN_NON_LITERAL_NULL_CONVERSION = YES;
				CLANG_WARN_OBJC_IMPLICIT_RETAIN_SELF = YES;
				CLANG_WARN_OBJC_LITERAL_CONVERSION = YES;
				CLANG_WARN_OBJC_ROOT_CLASS = YES_ERROR;
				CLANG_WARN_RANGE_LOOP_ANALYSIS = YES;
				CLANG_WARN_STRICT_PROTOTYPES = YES;
				CLANG_WARN_SUSPICIOUS_MOVE = YES;
				CLANG_WARN_UNGUARDED_AVAILABILITY = YES_AGGRESSIVE;
				CLANG_WARN_UNREACHABLE_CODE = YES;
				CLANG_WARN__DUPLICATE_METHOD_MATCH = YES;
				COPY_PHASE_STRIP = NO;
				DEBUG_INFORMATION_FORMAT = "dwarf-with-dsym";
				ENABLE_NS_ASSERTIONS = NO;
				ENABLE_STRICT_OBJC_MSGSEND = YES;
				GCC_C_LANGUAGE_STANDARD = gnu11;
				GCC_NO_COMMON_BLOCKS = YES;
				GCC_WARN_64_TO_32_BIT_CONVERSION = YES;
				GCC_WARN_ABOUT_RETURN_TYPE = YES_ERROR;
				GCC_WARN_UNDECLARED_SELECTOR = YES;
				GCC_WARN_UNINITIALIZED_AUTOS = YES_AGGRESSIVE;
				GCC_WARN_UNUSED_FUNCTION = YES;
				GCC_WARN_UNUSED_VARIABLE = YES;
				IPHONEOS_DEPLOYMENT_TARGET = 13.3;
				MTL_ENABLE_DEBUG_INFO = NO;
				MTL_FAST_MATH = YES;
				SDKROOT = iphoneos;
				SWIFT_COMPILATION_MODE = wholemodule;
				SWIFT_OPTIMIZATION_LEVEL = "-O";
				VALIDATE_PRODUCT = YES;
			};
			name = Release;
		};
		CDEA709F247806360056BF9C /* Debug */ = {
			isa = XCBuildConfiguration;
			buildSettings = {
				ASSETCATALOG_COMPILER_APPICON_NAME = AppIcon;
				CODE_SIGN_IDENTITY = "Apple Development";
				CODE_SIGN_STYLE = Automatic;
				DEVELOPMENT_TEAM = FNTB26538C;
				INFOPLIST_FILE = "Cap6-CoreData/Info.plist";
				IPHONEOS_DEPLOYMENT_TARGET = 13.3;
				LD_RUNPATH_SEARCH_PATHS = (
					"$(inherited)",
					"@executable_path/Frameworks",
				);
				PRODUCT_BUNDLE_IDENTIFIER = "com.develogeeks.Cap6-CoreData";
				PRODUCT_NAME = "$(TARGET_NAME)";
				PROVISIONING_PROFILE_SPECIFIER = "";
				SWIFT_VERSION = 5.0;
				TARGETED_DEVICE_FAMILY = "1,2";
			};
			name = Debug;
		};
		CDEA70A0247806360056BF9C /* Release */ = {
			isa = XCBuildConfiguration;
			buildSettings = {
				ASSETCATALOG_COMPILER_APPICON_NAME = AppIcon;
				CODE_SIGN_IDENTITY = "Apple Development";
				CODE_SIGN_STYLE = Automatic;
				DEVELOPMENT_TEAM = FNTB26538C;
				INFOPLIST_FILE = "Cap6-CoreData/Info.plist";
				IPHONEOS_DEPLOYMENT_TARGET = 13.3;
				LD_RUNPATH_SEARCH_PATHS = (
					"$(inherited)",
					"@executable_path/Frameworks",
				);
				PRODUCT_BUNDLE_IDENTIFIER = "com.develogeeks.Cap6-CoreData";
				PRODUCT_NAME = "$(TARGET_NAME)";
				PROVISIONING_PROFILE_SPECIFIER = "";
				SWIFT_VERSION = 5.0;
				TARGETED_DEVICE_FAMILY = "1,2";
			};
			name = Release;
		};
/* End XCBuildConfiguration section */

/* Begin XCConfigurationList section */
		CDEA70822478062E0056BF9C /* Build configuration list for PBXProject "Cap6-CoreData" */ = {
			isa = XCConfigurationList;
			buildConfigurations = (
				CDEA709C247806360056BF9C /* Debug */,
				CDEA709D247806360056BF9C /* Release */,
			);
			defaultConfigurationIsVisible = 0;
			defaultConfigurationName = Release;
		};
		CDEA709E247806360056BF9C /* Build configuration list for PBXNativeTarget "Cap6-CoreData" */ = {
			isa = XCConfigurationList;
			buildConfigurations = (
				CDEA709F247806360056BF9C /* Debug */,
				CDEA70A0247806360056BF9C /* Release */,
			);
			defaultConfigurationIsVisible = 0;
			defaultConfigurationName = Release;
		};
/* End XCConfigurationList section */

/* Begin XCVersionGroup section */
		CDEA70932478062E0056BF9C /* Cap6_CoreData.xcdatamodeld */ = {
			isa = XCVersionGroup;
			children = (
				CDEA70942478062E0056BF9C /* Cap6_CoreData.xcdatamodel */,
			);
			currentVersion = CDEA70942478062E0056BF9C /* Cap6_CoreData.xcdatamodel */;
			path = Cap6_CoreData.xcdatamodeld;
			sourceTree = "<group>";
			versionGroupType = wrapper.xcdatamodel;
		};
/* End XCVersionGroup section */
	};
	rootObject = CDEA707F2478062E0056BF9C /* Project object */;
}
