// !$*UTF8*$!
{
	archiveVersion = 1;
	classes = {
	};
	objectVersion = 50;
	objects = {

/* Begin PBXBuildFile section */
		13A04F4223ABE70100DA863F /* AppDelegate.swift in Sources */ = {isa = PBXBuildFile; fileRef = 13A04F4123ABE70100DA863F /* AppDelegate.swift */; };
		13A04F4423ABE70100DA863F /* SceneDelegate.swift in Sources */ = {isa = PBXBuildFile; fileRef = 13A04F4323ABE70100DA863F /* SceneDelegate.swift */; };
		13A04F4623ABE70100DA863F /* ViewController.swift in Sources */ = {isa = PBXBuildFile; fileRef = 13A04F4523ABE70100DA863F /* ViewController.swift */; };
		13A04F4923ABE70100DA863F /* Main.storyboard in Resources */ = {isa = PBXBuildFile; fileRef = 13A04F4723ABE70100DA863F /* Main.storyboard */; };
		13A04F4B23ABE70200DA863F /* Assets.xcassets in Resources */ = {isa = PBXBuildFile; fileRef = 13A04F4A23ABE70200DA863F /* Assets.xcassets */; };
		13A04F4E23ABE70200DA863F /* LaunchScreen.storyboard in Resources */ = {isa = PBXBuildFile; fileRef = 13A04F4C23ABE70200DA863F /* LaunchScreen.storyboard */; };
		13A04F5623ABE8D000DA863F /* PreviewView.swift in Sources */ = {isa = PBXBuildFile; fileRef = 13A04F5523ABE8D000DA863F /* PreviewView.swift */; };
/* End PBXBuildFile section */

/* Begin PBXFileReference section */
		13A04F3E23ABE70100DA863F /* CamaraApp.app */ = {isa = PBXFileReference; explicitFileType = wrapper.application; includeInIndex = 0; path = CamaraApp.app; sourceTree = BUILT_PRODUCTS_DIR; };
		13A04F4123ABE70100DA863F /* AppDelegate.swift */ = {isa = PBXFileReference; lastKnownFileType = sourcecode.swift; path = AppDelegate.swift; sourceTree = "<group>"; };
		13A04F4323ABE70100DA863F /* SceneDelegate.swift */ = {isa = PBXFileReference; lastKnownFileType = sourcecode.swift; path = SceneDelegate.swift; sourceTree = "<group>"; };
		13A04F4523ABE70100DA863F /* ViewController.swift */ = {isa = PBXFileReference; lastKnownFileType = sourcecode.swift; path = ViewController.swift; sourceTree = "<group>"; };
		13A04F4823ABE70100DA863F /* Base */ = {isa = PBXFileReference; lastKnownFileType = file.storyboard; name = Base; path = Base.lproj/Main.storyboard; sourceTree = "<group>"; };
		13A04F4A23ABE70200DA863F /* Assets.xcassets */ = {isa = PBXFileReference; lastKnownFileType = folder.assetcatalog; path = Assets.xcassets; sourceTree = "<group>"; };
		13A04F4D23ABE70200DA863F /* Base */ = {isa = PBXFileReference; lastKnownFileType = file.storyboard; name = Base; path = Base.lproj/LaunchScreen.storyboard; sourceTree = "<group>"; };
		13A04F4F23ABE70200DA863F /* Info.plist */ = {isa = PBXFileReference; lastKnownFileType = text.plist.xml; path = Info.plist; sourceTree = "<group>"; };
		13A04F5523ABE8D000DA863F /* PreviewView.swift */ = {isa = PBXFileReference; lastKnownFileType = sourcecode.swift; path = PreviewView.swift; sourceTree = "<group>"; };
/* End PBXFileReference section */

/* Begin PBXFrameworksBuildPhase section */
		13A04F3B23ABE70100DA863F /* Frameworks */ = {
			isa = PBXFrameworksBuildPhase;
			buildActionMask = 2147483647;
			files = (
			);
			runOnlyForDeploymentPostprocessing = 0;
		};
/* End PBXFrameworksBuildPhase section */

/* Begin PBXGroup section */
		13A04F3523ABE70000DA863F = {
			isa = PBXGroup;
			children = (
				13A04F4023ABE70100DA863F /* CamaraApp */,
				13A04F3F23ABE70100DA863F /* Products */,
			);
			sourceTree = "<group>";
		};
		13A04F3F23ABE70100DA863F /* Products */ = {
			isa = PBXGroup;
			children = (
				13A04F3E23ABE70100DA863F /* CamaraApp.app */,
			);
			name = Products;
			sourceTree = "<group>";
		};
		13A04F4023ABE70100DA863F /* CamaraApp */ = {
			isa = PBXGroup;
			children = (
				13A04F4123ABE70100DA863F /* AppDelegate.swift */,
				13A04F4323ABE70100DA863F /* SceneDelegate.swift */,
				13A04F4523ABE70100DA863F /* ViewController.swift */,
				13A04F5523ABE8D000DA863F /* PreviewView.swift */,
				13A04F4723ABE70100DA863F /* Main.storyboard */,
				13A04F4A23ABE70200DA863F /* Assets.xcassets */,
				13A04F4C23ABE70200DA863F /* LaunchScreen.storyboard */,
				13A04F4F23ABE70200DA863F /* Info.plist */,
			);
			path = CamaraApp;
			sourceTree = "<group>";
		};
/* End PBXGroup section */

/* Begin PBXNativeTarget section */
		13A04F3D23ABE70100DA863F /* CamaraApp */ = {
			isa = PBXNativeTarget;
			buildConfigurationList = 13A04F5223ABE70200DA863F /* Build configuration list for PBXNativeTarget "CamaraApp" */;
			buildPhases = (
				13A04F3A23ABE70100DA863F /* Sources */,
				13A04F3B23ABE70100DA863F /* Frameworks */,
				13A04F3C23ABE70100DA863F /* Resources */,
			);
			buildRules = (
			);
			dependencies = (
			);
			name = CamaraApp;
			productName = CamaraApp;
			productReference = 13A04F3E23ABE70100DA863F /* CamaraApp.app */;
			productType = "com.apple.product-type.application";
		};
/* End PBXNativeTarget section */

/* Begin PBXProject section */
		13A04F3623ABE70100DA863F /* Project object */ = {
			isa = PBXProject;
			attributes = {
				LastSwiftUpdateCheck = 1120;
				LastUpgradeCheck = 1120;
				ORGANIZATIONNAME = Bedu;
				TargetAttributes = {
					13A04F3D23ABE70100DA863F = {
						CreatedOnToolsVersion = 11.2;
					};
				};
			};
			buildConfigurationList = 13A04F3923ABE70100DA863F /* Build configuration list for PBXProject "CamaraApp" */;
			compatibilityVersion = "Xcode 9.3";
			developmentRegion = en;
			hasScannedForEncodings = 0;
			knownRegions = (
				en,
				Base,
			);
			mainGroup = 13A04F3523ABE70000DA863F;
			productRefGroup = 13A04F3F23ABE70100DA863F /* Products */;
			projectDirPath = "";
			projectRoot = "";
			targets = (
				13A04F3D23ABE70100DA863F /* CamaraApp */,
			);
		};
/* End PBXProject section */

/* Begin PBXResourcesBuildPhase section */
		13A04F3C23ABE70100DA863F /* Resources */ = {
			isa = PBXResourcesBuildPhase;
			buildActionMask = 2147483647;
			files = (
				13A04F4E23ABE70200DA863F /* LaunchScreen.storyboard in Resources */,
				13A04F4B23ABE70200DA863F /* Assets.xcassets in Resources */,
				13A04F4923ABE70100DA863F /* Main.storyboard in Resources */,
			);
			runOnlyForDeploymentPostprocessing = 0;
		};
/* End PBXResourcesBuildPhase section */

/* Begin PBXSourcesBuildPhase section */
		13A04F3A23ABE70100DA863F /* Sources */ = {
			isa = PBXSourcesBuildPhase;
			buildActionMask = 2147483647;
			files = (
				13A04F4623ABE70100DA863F /* ViewController.swift in Sources */,
				13A04F5623ABE8D000DA863F /* PreviewView.swift in Sources */,
				13A04F4223ABE70100DA863F /* AppDelegate.swift in Sources */,
				13A04F4423ABE70100DA863F /* SceneDelegate.swift in Sources */,
			);
			runOnlyForDeploymentPostprocessing = 0;
		};
/* End PBXSourcesBuildPhase section */

/* Begin PBXVariantGroup section */
		13A04F4723ABE70100DA863F /* Main.storyboard */ = {
			isa = PBXVariantGroup;
			children = (
				13A04F4823ABE70100DA863F /* Base */,
			);
			name = Main.storyboard;
			sourceTree = "<group>";
		};
		13A04F4C23ABE70200DA863F /* LaunchScreen.storyboard */ = {
			isa = PBXVariantGroup;
			children = (
				13A04F4D23ABE70200DA863F /* Base */,
			);
			name = LaunchScreen.storyboard;
			sourceTree = "<group>";
		};
/* End PBXVariantGroup section */

/* Begin XCBuildConfiguration section */
		13A04F5023ABE70200DA863F /* Debug */ = {
			isa = XCBuildConfiguration;
			buildSettings = {
				ALWAYS_SEARCH_USER_PATHS = NO;
				CLANG_ANALYZER_NONNULL = YES;
				CLANG_ANALYZER_NUMBER_OBJECT_CONVERSION = YES_AGGRESSIVE;
				CLANG_CXX_LANGUAGE_STANDARD = "gnu++14";
				CLANG_CXX_LIBRARY = "libc++";
				CLANG_ENABLE_MODULES = YES;
				CLANG_ENABLE_OBJC_ARC = YES;
				CLANG_ENABLE_OBJC_WEAK = YES;
				CLANG_WARN_BLOCK_CAPTURE_AUTORELEASING = YES;
				CLANG_WARN_BOOL_CONVERSION = YES;
				CLANG_WARN_COMMA = YES;
				CLANG_WARN_CONSTANT_CONVERSION = YES;
				CLANG_WARN_DEPRECATED_OBJC_IMPLEMENTATIONS = YES;
				CLANG_WARN_DIRECT_OBJC_ISA_USAGE = YES_ERROR;
				CLANG_WARN_DOCUMENTATION_COMMENTS = YES;
				CLANG_WARN_EMPTY_BODY = YES;
				CLANG_WARN_ENUM_CONVERSION = YES;
				CLANG_WARN_INFINITE_RECURSION = YES;
				CLANG_WARN_INT_CONVERSION = YES;
				CLANG_WARN_NON_LITERAL_NULL_CONVERSION = YES;
				CLANG_WARN_OBJC_IMPLICIT_RETAIN_SELF = YES;
				CLANG_WARN_OBJC_LITERAL_CONVERSION = YES;
				CLANG_WARN_OBJC_ROOT_CLASS = YES_ERROR;
				CLANG_WARN_RANGE_LOOP_ANALYSIS = YES;
				CLANG_WARN_STRICT_PROTOTYPES = YES;
				CLANG_WARN_SUSPICIOUS_MOVE = YES;
				CLANG_WARN_UNGUARDED_AVAILABILITY = YES_AGGRESSIVE;
				CLANG_WARN_UNREACHABLE_CODE = YES;
				CLANG_WARN__DUPLICATE_METHOD_MATCH = YES;
				COPY_PHASE_STRIP = NO;
				DEBUG_INFORMATION_FORMAT = dwarf;
				ENABLE_STRICT_OBJC_MSGSEND = YES;
				ENABLE_TESTABILITY = YES;
				GCC_C_LANGUAGE_STANDARD = gnu11;
				GCC_DYNAMIC_NO_PIC = NO;
				GCC_NO_COMMON_BLOCKS = YES;
				GCC_OPTIMIZATION_LEVEL = 0;
				GCC_PREPROCESSOR_DEFINITIONS = (
					"DEBUG=1",
					"$(inherited)",
				);
				GCC_WARN_64_TO_32_BIT_CONVERSION = YES;
				GCC_WARN_ABOUT_RETURN_TYPE = YES_ERROR;
				GCC_WARN_UNDECLARED_SELECTOR = YES;
				GCC_WARN_UNINITIALIZED_AUTOS = YES_AGGRESSIVE;
				GCC_WARN_UNUSED_FUNCTION = YES;
				GCC_WARN_UNUSED_VARIABLE = YES;
				IPHONEOS_DEPLOYMENT_TARGET = 13.2;
				MTL_ENABLE_DEBUG_INFO = INCLUDE_SOURCE;
				MTL_FAST_MATH = YES;
				ONLY_ACTIVE_ARCH = YES;
				SDKROOT = iphoneos;
				SWIFT_ACTIVE_COMPILATION_CONDITIONS = DEBUG;
				SWIFT_OPTIMIZATION_LEVEL = "-Onone";
			};
			name = Debug;
		};
		13A04F5123ABE70200DA863F /* Release */ = {
			isa = XCBuildConfiguration;
			buildSettings = {
				ALWAYS_SEARCH_USER_PATHS = NO;
				CLANG_ANALYZER_NONNULL = YES;
				CLANG_ANALYZER_NUMBER_OBJECT_CONVERSION = YES_AGGRESSIVE;
				CLANG_CXX_LANGUAGE_STANDARD = "gnu++14";
				CLANG_CXX_LIBRARY = "libc++";
				CLANG_ENABLE_MODULES = YES;
				CLANG_ENABLE_OBJC_ARC = YES;
				CLANG_ENABLE_OBJC_WEAK = YES;
				CLANG_WARN_BLOCK_CAPTURE_AUTORELEASING = YES;
				CLANG_WARN_BOOL_CONVERSION = YES;
				CLANG_WARN_COMMA = YES;
				CLANG_WARN_CONSTANT_CONVERSION = YES;
				CLANG_WARN_DEPRECATED_OBJC_IMPLEMENTATIONS = YES;
				CLANG_WARN_DIRECT_OBJC_ISA_USAGE = YES_ERROR;
				CLANG_WARN_DOCUMENTATION_COMMENTS = YES;
				CLANG_WARN_EMPTY_BODY = YES;
				CLANG_WARN_ENUM_CONVERSION = YES;
				CLANG_WARN_INFINITE_RECURSION = YES;
				CLANG_WARN_INT_CONVERSION = YES;
				CLANG_WARN_NON_LITERAL_NULL_CONVERSION = YES;
				CLANG_WARN_OBJC_IMPLICIT_RETAIN_SELF = YES;
				CLANG_WARN_OBJC_LITERAL_CONVERSION = YES;
				CLANG_WARN_OBJC_ROOT_CLASS = YES_ERROR;
				CLANG_WARN_RANGE_LOOP_ANALYSIS = YES;
				CLANG_WARN_STRICT_PROTOTYPES = YES;
				CLANG_WARN_SUSPICIOUS_MOVE = YES;
				CLANG_WARN_UNGUARDED_AVAILABILITY = YES_AGGRESSIVE;
				CLANG_WARN_UNREACHABLE_CODE = YES;
				CLANG_WARN__DUPLICATE_METHOD_MATCH = YES;
				COPY_PHASE_STRIP = NO;
				DEBUG_INFORMATION_FORMAT = "dwarf-with-dsym";
				ENABLE_NS_ASSERTIONS = NO;
				ENABLE_STRICT_OBJC_MSGSEND = YES;
				GCC_C_LANGUAGE_STANDARD = gnu11;
				GCC_NO_COMMON_BLOCKS = YES;
				GCC_WARN_64_TO_32_BIT_CONVERSION = YES;
				GCC_WARN_ABOUT_RETURN_TYPE = YES_ERROR;
				GCC_WARN_UNDECLARED_SELECTOR = YES;
				GCC_WARN_UNINITIALIZED_AUTOS = YES_AGGRESSIVE;
				GCC_WARN_UNUSED_FUNCTION = YES;
				GCC_WARN_UNUSED_VARIABLE = YES;
				IPHONEOS_DEPLOYMENT_TARGET = 13.2;
				MTL_ENABLE_DEBUG_INFO = NO;
				MTL_FAST_MATH = YES;
				SDKROOT = iphoneos;
				SWIFT_COMPILATION_MODE = wholemodule;
				SWIFT_OPTIMIZATION_LEVEL = "-O";
				VALIDATE_PRODUCT = YES;
			};
			name = Release;
		};
		13A04F5323ABE70200DA863F /* Debug */ = {
			isa = XCBuildConfiguration;
			buildSettings = {
				ASSETCATALOG_COMPILER_APPICON_NAME = AppIcon;
				CODE_SIGN_STYLE = Automatic;
				INFOPLIST_FILE = CamaraApp/Info.plist;
				LD_RUNPATH_SEARCH_PATHS = (
					"$(inherited)",
					"@executable_path/Frameworks",
				);
				PRODUCT_BUNDLE_IDENTIFIER = com.myapp.CamaraApp;
				PRODUCT_NAME = "$(TARGET_NAME)";
				SWIFT_VERSION = 5.0;
				TARGETED_DEVICE_FAMILY = "1,2";
			};
			name = Debug;
		};
		13A04F5423ABE70200DA863F /* Release */ = {
			isa = XCBuildConfiguration;
			buildSettings = {
				ASSETCATALOG_COMPILER_APPICON_NAME = AppIcon;
				CODE_SIGN_STYLE = Automatic;
				INFOPLIST_FILE = CamaraApp/Info.plist;
				LD_RUNPATH_SEARCH_PATHS = (
					"$(inherited)",
					"@executable_path/Frameworks",
				);
				PRODUCT_BUNDLE_IDENTIFIER = com.myapp.CamaraApp;
				PRODUCT_NAME = "$(TARGET_NAME)";
				SWIFT_VERSION = 5.0;
				TARGETED_DEVICE_FAMILY = "1,2";
			};
			name = Release;
		};
/* End XCBuildConfiguration section */

/* Begin XCConfigurationList section */
		13A04F3923ABE70100DA863F /* Build configuration list for PBXProject "CamaraApp" */ = {
			isa = XCConfigurationList;
			buildConfigurations = (
				13A04F5023ABE70200DA863F /* Debug */,
				13A04F5123ABE70200DA863F /* Release */,
			);
			defaultConfigurationIsVisible = 0;
			defaultConfigurationName = Release;
		};
		13A04F5223ABE70200DA863F /* Build configuration list for PBXNativeTarget "CamaraApp" */ = {
			isa = XCConfigurationList;
			buildConfigurations = (
				13A04F5323ABE70200DA863F /* Debug */,
				13A04F5423ABE70200DA863F /* Release */,
			);
			defaultConfigurationIsVisible = 0;
			defaultConfigurationName = Release;
		};
/* End XCConfigurationList section */
	};
	rootObject = 13A04F3623ABE70100DA863F /* Project object */;
}
